
Microsoft Visual Studio Solution File, Format Version 12.00
# Visual Studio Version 17
VisualStudioVersion = 17.5.33530.505
MinimumVisualStudioVersion = 10.0.40219.1
Project("{FAE04EC0-301F-11D3-BF4B-00C04F79EFBC}") = "RazorPagesMovie", "RazorPagesMovie\RazorPagesMovie.csproj", "{1D53C0E2-7A64-409B-9B73-3EA43AED0EA0}"
EndProject
Global
	GlobalSection(SolutionConfigurationPlatforms) = preSolution
		Debug|Any CPU = Debug|Any CPU
		Release|Any CPU = Release|Any CPU
	EndGlobalSection
	GlobalSection(ProjectConfigurationPlatforms) = postSolution
		{1D53C0E2-7A64-409B-9B73-3EA43AED0EA0}.Debug|Any CPU.ActiveCfg = Debug|Any CPU
		{1D53C0E2-7A64-409B-9B73-3EA43AED0EA0}.Debug|Any CPU.Build.0 = Debug|Any CPU
		{1D53C0E2-7A64-409B-9B73-3EA43AED0EA0}.Release|Any CPU.ActiveCfg = Release|Any CPU
		{1D53C0E2-7A64-409B-9B73-3EA43AED0EA0}.Release|Any CPU.Build.0 = Release|Any CPU
	EndGlobalSection
	GlobalSection(SolutionProperties) = preSolution
		HideSolutionNode = FALSE
	EndGlobalSection
	GlobalSection(ExtensibilityGlobals) = postSolution
		SolutionGuid = {FBC8DDE5-12AD-420B-AE15-F0183DFBA3E2}
	EndGlobalSection
EndGlobal
